
Microsoft Visual Studio Solution File, Format Version 12.00
# Visual Studio Version 16
VisualStudioVersion = 16.0.31129.286
MinimumVisualStudioVersion = 10.0.40219.1
Project("{9A19103F-16F7-4668-BE54-9A1E7A4F7556}") = "AcmeWidgetApp", "AcmeWidgetApp\AcmeWidgetApp.csproj", "{E1E76D4E-D8EB-4D0E-9B3F-45D4ED017EC2}"
EndProject
Project("{FAE04EC0-301F-11D3-BF4B-00C04F79EFBC}") = "AcmeWidgetAppTest", "AcmeWidgetAppTest\AcmeWidgetAppTest.csproj", "{467579D4-EA83-47CB-AAE9-ABD81FC2FA72}"
EndProject
Global
	GlobalSection(SolutionConfigurationPlatforms) = preSolution
		Debug|Any CPU = Debug|Any CPU
		Release|Any CPU = Release|Any CPU
	EndGlobalSection
	GlobalSection(ProjectConfigurationPlatforms) = postSolution
		{E1E76D4E-D8EB-4D0E-9B3F-45D4ED017EC2}.Debug|Any CPU.ActiveCfg = Debug|Any CPU
		{E1E76D4E-D8EB-4D0E-9B3F-45D4ED017EC2}.Debug|Any CPU.Build.0 = Debug|Any CPU
		{E1E76D4E-D8EB-4D0E-9B3F-45D4ED017EC2}.Release|Any CPU.ActiveCfg = Release|Any CPU
		{E1E76D4E-D8EB-4D0E-9B3F-45D4ED017EC2}.Release|Any CPU.Build.0 = Release|Any CPU
		{467579D4-EA83-47CB-AAE9-ABD81FC2FA72}.Debug|Any CPU.ActiveCfg = Debug|Any CPU
		{467579D4-EA83-47CB-AAE9-ABD81FC2FA72}.Debug|Any CPU.Build.0 = Debug|Any CPU
		{467579D4-EA83-47CB-AAE9-ABD81FC2FA72}.Release|Any CPU.ActiveCfg = Release|Any CPU
		{467579D4-EA83-47CB-AAE9-ABD81FC2FA72}.Release|Any CPU.Build.0 = Release|Any CPU
	EndGlobalSection
	GlobalSection(SolutionProperties) = preSolution
		HideSolutionNode = FALSE
	EndGlobalSection
	GlobalSection(ExtensibilityGlobals) = postSolution
		SolutionGuid = {7762B181-28D8-4BDB-8515-3256A9C0901D}
	EndGlobalSection
EndGlobal
